
Microsoft Visual Studio Solution File, Format Version 12.00
# Visual Studio Version 16
VisualStudioVersion = 16.0.32407.337
MinimumVisualStudioVersion = 10.0.40219.1
Project("{FAE04EC0-301F-11D3-BF4B-00C04F79EFBC}") = "MVC", "MVC\MVC.csproj", "{191FF94C-0CEC-4FC2-AE99-AFEFA0BA766B}"
EndProject
Global
	GlobalSection(SolutionConfigurationPlatforms) = preSolution
		Debug|Any CPU = Debug|Any CPU
		Release|Any CPU = Release|Any CPU
	EndGlobalSection
	GlobalSection(ProjectConfigurationPlatforms) = postSolution
		{191FF94C-0CEC-4FC2-AE99-AFEFA0BA766B}.Debug|Any CPU.ActiveCfg = Debug|Any CPU
		{191FF94C-0CEC-4FC2-AE99-AFEFA0BA766B}.Debug|Any CPU.Build.0 = Debug|Any CPU
		{191FF94C-0CEC-4FC2-AE99-AFEFA0BA766B}.Release|Any CPU.ActiveCfg = Release|Any CPU
		{191FF94C-0CEC-4FC2-AE99-AFEFA0BA766B}.Release|Any CPU.Build.0 = Release|Any CPU
	EndGlobalSection
	GlobalSection(SolutionProperties) = preSolution
		HideSolutionNode = FALSE
	EndGlobalSection
	GlobalSection(ExtensibilityGlobals) = postSolution
		SolutionGuid = {ECFBEA49-4A14-4DC2-852A-E8567802D9DA}
	EndGlobalSection
EndGlobal
